
Microsoft Visual Studio Solution File, Format Version 12.00
# Visual Studio 15
VisualStudioVersion = 15.0.35116.124
MinimumVisualStudioVersion = 10.0.40219.1
Project("{FAE04EC0-301F-11D3-BF4B-00C04F79EFBC}") = "Assembly-CSharp", "Assembly-CSharp\Assembly-CSharp.csproj", "{E5171CD0-3B89-4F22-B171-82F45B8EEA0F}"
EndProject
Project("{2150E333-8FDC-42A3-9474-1A3956D46DE8}") = "Solution Items", "Solution Items", "{62FEB691-4012-40C1-AE54-732776235069}"
	ProjectSection(SolutionItems) = preProject
		README.md = README.md
	EndProjectSection
EndProject
Global
	GlobalSection(SolutionConfigurationPlatforms) = preSolution
		Debug|Any CPU = Debug|Any CPU
		Release|Any CPU = Release|Any CPU
	EndGlobalSection
	GlobalSection(ProjectConfigurationPlatforms) = postSolution
		{E5171CD0-3B89-4F22-B171-82F45B8EEA0F}.Debug|Any CPU.ActiveCfg = Debug|Any CPU
		{E5171CD0-3B89-4F22-B171-82F45B8EEA0F}.Debug|Any CPU.Build.0 = Debug|Any CPU
		{E5171CD0-3B89-4F22-B171-82F45B8EEA0F}.Release|Any CPU.ActiveCfg = Release|Any CPU
		{E5171CD0-3B89-4F22-B171-82F45B8EEA0F}.Release|Any CPU.Build.0 = Release|Any CPU
	EndGlobalSection
	GlobalSection(SolutionProperties) = preSolution
		HideSolutionNode = FALSE
	EndGlobalSection
	GlobalSection(ExtensibilityGlobals) = postSolution
		SolutionGuid = {35587E50-4F70-4705-8713-147465491FC2}
	EndGlobalSection
EndGlobal
