
Microsoft Visual Studio Solution File, Format Version 12.00
# Visual Studio 15
VisualStudioVersion = 15.0.35116.124
MinimumVisualStudioVersion = 10.0.40219.1
Project("{FAE04EC0-301F-11D3-BF4B-00C04F79EFBC}") = "Assembly-CSharp", "Assembly-CSharp\Assembly-CSharp.csproj", "{E5171CD0-3B89-4F22-B171-82F45B8EEA0F}"
EndProject
Project("{2150E333-8FDC-42A3-9474-1A3956D46DE8}") = "Solution Items", "Solution Items", "{62FEB691-4012-40C1-AE54-732776235069}"
	ProjectSection(SolutionItems) = preProject
		README.md = README.md
	EndProjectSection
EndProject
Project("{2150E333-8FDC-42A3-9474-1A3956D46DE8}") = "External Assets", "External Assets", "{A430917D-E3C8-48CA-970E-BE2C08537EA9}"
EndProject
Project("{2150E333-8FDC-42A3-9474-1A3956D46DE8}") = "Database", "Database", "{4269FCEA-ACA0-4C94-993D-BEE35A841232}"
	ProjectSection(SolutionItems) = preProject
		External Assets\Database\DB_ARTEFACT.xml = External Assets\Database\DB_ARTEFACT.xml
		External Assets\Database\DB_BOOKS_ADVANTAGE.xml = External Assets\Database\DB_BOOKS_ADVANTAGE.xml
		External Assets\Database\DB_BUDGET_SCALING.xml = External Assets\Database\DB_BUDGET_SCALING.xml
		External Assets\Database\DB_BUILDING.xml = External Assets\Database\DB_BUILDING.xml
		External Assets\Database\DB_DIFFICULTY.xml = External Assets\Database\DB_DIFFICULTY.xml
		External Assets\Database\DB_ENCHANTMENT.xml = External Assets\Database\DB_ENCHANTMENT.xml
		External Assets\Database\DB_GAMEPLAY_CONFIGURATION.xml = External Assets\Database\DB_GAMEPLAY_CONFIGURATION.xml
		External Assets\Database\DB_GROUP.xml = External Assets\Database\DB_GROUP.xml
		External Assets\Database\DB_LANGUAGE.xml = External Assets\Database\DB_LANGUAGE.xml
		External Assets\Database\DB_LOCALIZATION_DES.xml = External Assets\Database\DB_LOCALIZATION_DES.xml
		External Assets\Database\DB_LOCALIZATION_DES_CN.xml = External Assets\Database\DB_LOCALIZATION_DES_CN.xml
		External Assets\Database\DB_LOCALIZATION_DES_DE.xml = External Assets\Database\DB_LOCALIZATION_DES_DE.xml
		External Assets\Database\DB_LOCALIZATION_DES_ES.xml = External Assets\Database\DB_LOCALIZATION_DES_ES.xml
		External Assets\Database\DB_LOCALIZATION_DES_FR.xml = External Assets\Database\DB_LOCALIZATION_DES_FR.xml
		External Assets\Database\DB_LOCALIZATION_DES_IT.xml = External Assets\Database\DB_LOCALIZATION_DES_IT.xml
		External Assets\Database\DB_LOCALIZATION_DES_PL.xml = External Assets\Database\DB_LOCALIZATION_DES_PL.xml
		External Assets\Database\DB_LOCALIZATION_DLC0.xml = External Assets\Database\DB_LOCALIZATION_DLC0.xml
		External Assets\Database\DB_LOCALIZATION_DLC0_CN.xml = External Assets\Database\DB_LOCALIZATION_DLC0_CN.xml
		External Assets\Database\DB_LOCALIZATION_DLC0_DE.xml = External Assets\Database\DB_LOCALIZATION_DLC0_DE.xml
		External Assets\Database\DB_LOCALIZATION_DLC0_ES.xml = External Assets\Database\DB_LOCALIZATION_DLC0_ES.xml
		External Assets\Database\DB_LOCALIZATION_DLC0_FR.xml = External Assets\Database\DB_LOCALIZATION_DLC0_FR.xml
		External Assets\Database\DB_LOCALIZATION_DLC0_IT.xml = External Assets\Database\DB_LOCALIZATION_DLC0_IT.xml
		External Assets\Database\DB_LOCALIZATION_DLC0_PL.xml = External Assets\Database\DB_LOCALIZATION_DLC0_PL.xml
		External Assets\Database\DB_LOCALIZATION_DLC1.xml = External Assets\Database\DB_LOCALIZATION_DLC1.xml
		External Assets\Database\DB_LOCALIZATION_DLC1_CN.xml = External Assets\Database\DB_LOCALIZATION_DLC1_CN.xml
		External Assets\Database\DB_LOCALIZATION_DLC1_DE.xml = External Assets\Database\DB_LOCALIZATION_DLC1_DE.xml
		External Assets\Database\DB_LOCALIZATION_DLC1_ES.xml = External Assets\Database\DB_LOCALIZATION_DLC1_ES.xml
		External Assets\Database\DB_LOCALIZATION_DLC1_FR.xml = External Assets\Database\DB_LOCALIZATION_DLC1_FR.xml
		External Assets\Database\DB_LOCALIZATION_DLC1_IT.xml = External Assets\Database\DB_LOCALIZATION_DLC1_IT.xml
		External Assets\Database\DB_LOCALIZATION_DLC1_PL.xml = External Assets\Database\DB_LOCALIZATION_DLC1_PL.xml
		External Assets\Database\DB_LOCALIZATION_DLC2.xml = External Assets\Database\DB_LOCALIZATION_DLC2.xml
		External Assets\Database\DB_LOCALIZATION_DLC2_CN.xml = External Assets\Database\DB_LOCALIZATION_DLC2_CN.xml
		External Assets\Database\DB_LOCALIZATION_DLC2_DE.xml = External Assets\Database\DB_LOCALIZATION_DLC2_DE.xml
		External Assets\Database\DB_LOCALIZATION_DLC2_ES.xml = External Assets\Database\DB_LOCALIZATION_DLC2_ES.xml
		External Assets\Database\DB_LOCALIZATION_DLC2_FR.xml = External Assets\Database\DB_LOCALIZATION_DLC2_FR.xml
		External Assets\Database\DB_LOCALIZATION_DLC2_IT.xml = External Assets\Database\DB_LOCALIZATION_DLC2_IT.xml
		External Assets\Database\DB_LOCALIZATION_DLC2_PL.xml = External Assets\Database\DB_LOCALIZATION_DLC2_PL.xml
		External Assets\Database\DB_LOCALIZATION_DLC3.xml = External Assets\Database\DB_LOCALIZATION_DLC3.xml
		External Assets\Database\DB_LOCALIZATION_DLC3_CN.xml = External Assets\Database\DB_LOCALIZATION_DLC3_CN.xml
		External Assets\Database\DB_LOCALIZATION_DLC3_DE.xml = External Assets\Database\DB_LOCALIZATION_DLC3_DE.xml
		External Assets\Database\DB_LOCALIZATION_DLC3_ES.xml = External Assets\Database\DB_LOCALIZATION_DLC3_ES.xml
		External Assets\Database\DB_LOCALIZATION_DLC3_FR.xml = External Assets\Database\DB_LOCALIZATION_DLC3_FR.xml
		External Assets\Database\DB_LOCALIZATION_DLC3_IT.xml = External Assets\Database\DB_LOCALIZATION_DLC3_IT.xml
		External Assets\Database\DB_LOCALIZATION_DLC3_PL.xml = External Assets\Database\DB_LOCALIZATION_DLC3_PL.xml
		External Assets\Database\DB_LOCALIZATION_UI.xml = External Assets\Database\DB_LOCALIZATION_UI.xml
		External Assets\Database\DB_LOCALIZATION_UI_CN.xml = External Assets\Database\DB_LOCALIZATION_UI_CN.xml
		External Assets\Database\DB_LOCALIZATION_UI_DE.xml = External Assets\Database\DB_LOCALIZATION_UI_DE.xml
		External Assets\Database\DB_LOCALIZATION_UI_ES.xml = External Assets\Database\DB_LOCALIZATION_UI_ES.xml
		External Assets\Database\DB_LOCALIZATION_UI_FR.xml = External Assets\Database\DB_LOCALIZATION_UI_FR.xml
		External Assets\Database\DB_LOCALIZATION_UI_IT.xml = External Assets\Database\DB_LOCALIZATION_UI_IT.xml
		External Assets\Database\DB_LOCALIZATION_UI_PL.xml = External Assets\Database\DB_LOCALIZATION_UI_PL.xml
		External Assets\Database\DB_LOCATION.xml = External Assets\Database\DB_LOCATION.xml
		External Assets\Database\DB_PLANE.xml = External Assets\Database\DB_PLANE.xml
		External Assets\Database\DB_RACE.xml = External Assets\Database\DB_RACE.xml
		External Assets\Database\DB_SKILL.xml = External Assets\Database\DB_SKILL.xml
		External Assets\Database\DB_SOUND.xml = External Assets\Database\DB_SOUND.xml
		External Assets\Database\DB_SOUND_DLC1.xml = External Assets\Database\DB_SOUND_DLC1.xml
		External Assets\Database\DB_SOUND_DLC2.xml = External Assets\Database\DB_SOUND_DLC2.xml
		External Assets\Database\DB_SOUND_DLC3.xml = External Assets\Database\DB_SOUND_DLC3.xml
		External Assets\Database\DB_SPELL.xml = External Assets\Database\DB_SPELL.xml
		External Assets\Database\DB_SUBRACE.xml = External Assets\Database\DB_SUBRACE.xml
		External Assets\Database\DB_TAG.xml = External Assets\Database\DB_TAG.xml
		External Assets\Database\DB_TAG_QUEST.xml = External Assets\Database\DB_TAG_QUEST.xml
		External Assets\Database\DB_TAX.xml = External Assets\Database\DB_TAX.xml
		External Assets\Database\DB_TERRAIN.xml = External Assets\Database\DB_TERRAIN.xml
		External Assets\Database\DB_TERRAIN_RESOURCE.xml = External Assets\Database\DB_TERRAIN_RESOURCE.xml
		External Assets\Database\DB_TOWN.xml = External Assets\Database\DB_TOWN.xml
		External Assets\Database\DB_TOWN_NAME.xml = External Assets\Database\DB_TOWN_NAME.xml
		External Assets\Database\DB_TRAIT.xml = External Assets\Database\DB_TRAIT.xml
		External Assets\Database\DB_UNIT_LVL.xml = External Assets\Database\DB_UNIT_LVL.xml
		External Assets\Database\DB_WIZARD.xml = External Assets\Database\DB_WIZARD.xml
	EndProjectSection
EndProject
Project("{2150E333-8FDC-42A3-9474-1A3956D46DE8}") = "Scripts", "Scripts", "{8F4C5099-CCD9-496E-A301-12DCD782EF28}"
	ProjectSection(SolutionItems) = preProject
		External Assets\Scripts\BattleAI.cs = External Assets\Scripts\BattleAI.cs
		External Assets\Scripts\BattleAIScripts.cs = External Assets\Scripts\BattleAIScripts.cs
		External Assets\Scripts\BattleAutoResolveScripts.cs = External Assets\Scripts\BattleAutoResolveScripts.cs
		External Assets\Scripts\DiplomaticScripts.cs = External Assets\Scripts\DiplomaticScripts.cs
		External Assets\Scripts\EditorScripts.cs = External Assets\Scripts\EditorScripts.cs
		External Assets\Scripts\EnchantmentScripts.cs = External Assets\Scripts\EnchantmentScripts.cs
		External Assets\Scripts\GameplayScripts.cs = External Assets\Scripts\GameplayScripts.cs
		External Assets\Scripts\GroupScripts.cs = External Assets\Scripts\GroupScripts.cs
		External Assets\Scripts\SkillScripts.cs = External Assets\Scripts\SkillScripts.cs
		External Assets\Scripts\SpellScripts.cs = External Assets\Scripts\SpellScripts.cs
		External Assets\Scripts\TestPack.cs = External Assets\Scripts\TestPack.cs
		External Assets\Scripts\TradeAIScripts.cs = External Assets\Scripts\TradeAIScripts.cs
		External Assets\Scripts\TraitScripts.cs = External Assets\Scripts\TraitScripts.cs
		External Assets\Scripts\UIScripts.cs = External Assets\Scripts\UIScripts.cs
	EndProjectSection
EndProject
Project("{2150E333-8FDC-42A3-9474-1A3956D46DE8}") = "Prototype", "Prototype", "{DF8726ED-D870-4435-88A2-FA5DFCA0C8FC}"
	ProjectSection(SolutionItems) = preProject
		External Assets\Database\Prototype\PROTOTYPE_ARTEFACT.xml = External Assets\Database\Prototype\PROTOTYPE_ARTEFACT.xml
		External Assets\Database\Prototype\PROTOTYPE_BASE.xml = External Assets\Database\Prototype\PROTOTYPE_BASE.xml
		External Assets\Database\Prototype\PROTOTYPE_BOOKS_ADVANTAGE.xml = External Assets\Database\Prototype\PROTOTYPE_BOOKS_ADVANTAGE.xml
		External Assets\Database\Prototype\PROTOTYPE_BUILDING.xml = External Assets\Database\Prototype\PROTOTYPE_BUILDING.xml
		External Assets\Database\Prototype\PROTOTYPE_DIFFICULTY.xml = External Assets\Database\Prototype\PROTOTYPE_DIFFICULTY.xml
		External Assets\Database\Prototype\PROTOTYPE_ENCHANTMENT.xml = External Assets\Database\Prototype\PROTOTYPE_ENCHANTMENT.xml
		External Assets\Database\Prototype\PROTOTYPE_GAMEPLAY_CONFIGURATION.xml = External Assets\Database\Prototype\PROTOTYPE_GAMEPLAY_CONFIGURATION.xml
		External Assets\Database\Prototype\PROTOTYPE_GROUP.xml = External Assets\Database\Prototype\PROTOTYPE_GROUP.xml
		External Assets\Database\Prototype\PROTOTYPE_LANGUAGE.xml = External Assets\Database\Prototype\PROTOTYPE_LANGUAGE.xml
		External Assets\Database\Prototype\PROTOTYPE_LOCALIZATION.xml = External Assets\Database\Prototype\PROTOTYPE_LOCALIZATION.xml
		External Assets\Database\Prototype\PROTOTYPE_LOCATION.xml = External Assets\Database\Prototype\PROTOTYPE_LOCATION.xml
		External Assets\Database\Prototype\PROTOTYPE_PLANE.xml = External Assets\Database\Prototype\PROTOTYPE_PLANE.xml
		External Assets\Database\Prototype\PROTOTYPE_POWER_SCALING.xml = External Assets\Database\Prototype\PROTOTYPE_POWER_SCALING.xml
		External Assets\Database\Prototype\PROTOTYPE_RACE.xml = External Assets\Database\Prototype\PROTOTYPE_RACE.xml
		External Assets\Database\Prototype\PROTOTYPE_SKILL.xml = External Assets\Database\Prototype\PROTOTYPE_SKILL.xml
		External Assets\Database\Prototype\PROTOTYPE_SOUND.xml = External Assets\Database\Prototype\PROTOTYPE_SOUND.xml
		External Assets\Database\Prototype\PROTOTYPE_SPELL.xml = External Assets\Database\Prototype\PROTOTYPE_SPELL.xml
		External Assets\Database\Prototype\PROTOTYPE_SUBRACE.xml = External Assets\Database\Prototype\PROTOTYPE_SUBRACE.xml
		External Assets\Database\Prototype\PROTOTYPE_TAG.xml = External Assets\Database\Prototype\PROTOTYPE_TAG.xml
		External Assets\Database\Prototype\PROTOTYPE_TAX.xml = External Assets\Database\Prototype\PROTOTYPE_TAX.xml
		External Assets\Database\Prototype\PROTOTYPE_TERRAIN.xml = External Assets\Database\Prototype\PROTOTYPE_TERRAIN.xml
		External Assets\Database\Prototype\PROTOTYPE_TERRAIN_RESOURCE.xml = External Assets\Database\Prototype\PROTOTYPE_TERRAIN_RESOURCE.xml
		External Assets\Database\Prototype\PROTOTYPE_TOWN.xml = External Assets\Database\Prototype\PROTOTYPE_TOWN.xml
		External Assets\Database\Prototype\PROTOTYPE_TOWN_NAME.xml = External Assets\Database\Prototype\PROTOTYPE_TOWN_NAME.xml
		External Assets\Database\Prototype\PROTOTYPE_TRAIT.xml = External Assets\Database\Prototype\PROTOTYPE_TRAIT.xml
		External Assets\Database\Prototype\PROTOTYPE_UNIT_LVL.xml = External Assets\Database\Prototype\PROTOTYPE_UNIT_LVL.xml
		External Assets\Database\Prototype\PROTOTYPE_WIZARD.xml = External Assets\Database\Prototype\PROTOTYPE_WIZARD.xml
	EndProjectSection
EndProject
Global
	GlobalSection(SolutionConfigurationPlatforms) = preSolution
		Debug|Any CPU = Debug|Any CPU
		Debug|x64 = Debug|x64
		Debug|x86 = Debug|x86
		Release|Any CPU = Release|Any CPU
		Release|x64 = Release|x64
		Release|x86 = Release|x86
	EndGlobalSection
	GlobalSection(ProjectConfigurationPlatforms) = postSolution
		{E5171CD0-3B89-4F22-B171-82F45B8EEA0F}.Debug|Any CPU.ActiveCfg = Debug|Any CPU
		{E5171CD0-3B89-4F22-B171-82F45B8EEA0F}.Debug|Any CPU.Build.0 = Debug|Any CPU
		{E5171CD0-3B89-4F22-B171-82F45B8EEA0F}.Debug|x64.ActiveCfg = Debug|Any CPU
		{E5171CD0-3B89-4F22-B171-82F45B8EEA0F}.Debug|x64.Build.0 = Debug|Any CPU
		{E5171CD0-3B89-4F22-B171-82F45B8EEA0F}.Debug|x86.ActiveCfg = Debug|Any CPU
		{E5171CD0-3B89-4F22-B171-82F45B8EEA0F}.Debug|x86.Build.0 = Debug|Any CPU
		{E5171CD0-3B89-4F22-B171-82F45B8EEA0F}.Release|Any CPU.ActiveCfg = Release|Any CPU
		{E5171CD0-3B89-4F22-B171-82F45B8EEA0F}.Release|Any CPU.Build.0 = Release|Any CPU
		{E5171CD0-3B89-4F22-B171-82F45B8EEA0F}.Release|x64.ActiveCfg = Release|Any CPU
		{E5171CD0-3B89-4F22-B171-82F45B8EEA0F}.Release|x64.Build.0 = Release|Any CPU
		{E5171CD0-3B89-4F22-B171-82F45B8EEA0F}.Release|x86.ActiveCfg = Release|Any CPU
		{E5171CD0-3B89-4F22-B171-82F45B8EEA0F}.Release|x86.Build.0 = Release|Any CPU
	EndGlobalSection
	GlobalSection(SolutionProperties) = preSolution
		HideSolutionNode = FALSE
	EndGlobalSection
	GlobalSection(NestedProjects) = preSolution
		{4269FCEA-ACA0-4C94-993D-BEE35A841232} = {A430917D-E3C8-48CA-970E-BE2C08537EA9}
		{8F4C5099-CCD9-496E-A301-12DCD782EF28} = {A430917D-E3C8-48CA-970E-BE2C08537EA9}
		{DF8726ED-D870-4435-88A2-FA5DFCA0C8FC} = {4269FCEA-ACA0-4C94-993D-BEE35A841232}
	EndGlobalSection
	GlobalSection(ExtensibilityGlobals) = postSolution
		SolutionGuid = {35587E50-4F70-4705-8713-147465491FC2}
	EndGlobalSection
EndGlobal
