
Microsoft Visual Studio Solution File, Format Version 12.00
# Visual Studio Version 17
VisualStudioVersion = 17.5.002.0
MinimumVisualStudioVersion = 10.0.40219.1
Project("{9A19103F-16F7-4668-BE54-9A1E7A4F7556}") = "Assembly-CSharp", "Assembly-CSharp.csproj", "{7B258F75-F25A-483E-B5C0-628C354996A3}"
EndProject
Global
	GlobalSection(SolutionConfigurationPlatforms) = preSolution
		Debug|Any CPU = Debug|Any CPU
		Release|Any CPU = Release|Any CPU
	EndGlobalSection
	GlobalSection(ProjectConfigurationPlatforms) = postSolution
		{7B258F75-F25A-483E-B5C0-628C354996A3}.Debug|Any CPU.ActiveCfg = Debug|Any CPU
		{7B258F75-F25A-483E-B5C0-628C354996A3}.Debug|Any CPU.Build.0 = Debug|Any CPU
		{7B258F75-F25A-483E-B5C0-628C354996A3}.Release|Any CPU.ActiveCfg = Release|Any CPU
		{7B258F75-F25A-483E-B5C0-628C354996A3}.Release|Any CPU.Build.0 = Release|Any CPU
	EndGlobalSection
	GlobalSection(SolutionProperties) = preSolution
		HideSolutionNode = FALSE
	EndGlobalSection
	GlobalSection(ExtensibilityGlobals) = postSolution
		SolutionGuid = {2003DBC8-0365-4934-9DBA-E7593D601693}
	EndGlobalSection
EndGlobal
